{
  "name": "test",
  "version": "1.0.0",
  "lockfileVersion": 1,
  "requires": true,
  "dependencies": {
    "json2xls": {
      "version": "0.1.2",
      "resolved": "https://registry.npmjs.org/json2xls/-/json2xls-0.1.2.tgz",
      "integrity": "sha512-cnYzE6hzdYoiMAiCKnX6SJooyQ3cq+KKhEWv5d7CQNiX3TRIeEZsvvbeuIiB78Be5qDok7SBGuTv3IU524DTFQ==",
      "requires": {
        "excel-export": "~0.3.11"
      },
      "dependencies": {
        "excel-export": {
          "version": "0.3.11",
          "resolved": "https://registry.npmjs.org/excel-export/-/excel-export-0.3.11.tgz",
          "integrity": "sha512-yeAj651KpOFsTej/WolfJyjJNyKn4b4SM8aLKohteBn7fJqXPmW+x+t80O2g+AJD2WZlpTc93Lw0gk5KIBPBJw==",
          "requires": {
            "node-zip": "1.x"
          },
          "dependencies": {
            "node-zip": {
              "version": "1.1.1",
              "resolved": "https://registry.npmjs.org/node-zip/-/node-zip-1.1.1.tgz",
              "integrity": "sha512-sXfGL65EcaAJqNSXxuyf//i4D4geUtJgZDYUd7IBo2/CH8XY8vcWh1+CBCxuVVyR+S4vAFc3hr//JkCi2+V5vg==",
              "requires": {
                "jszip": "2.5.0"
              },
              "dependencies": {
                "jszip": {
                  "version": "2.5.0",
                  "resolved": "https://registry.npmjs.org/jszip/-/jszip-2.5.0.tgz",
                  "integrity": "sha512-IRoyf8JSYY3nx+uyh5xPc0qdy8pUDTp2UkHOWYNF/IO/3D8nx7899UlSAjD8rf8wUgOmm0lACWx/GbW3EaxIXQ==",
                  "requires": {
                    "pako": "~0.2.5"
                  },
                  "dependencies": {
                    "pako": {
                      "version": "0.2.8",
                      "resolved": "https://registry.npmjs.org/pako/-/pako-0.2.8.tgz",
                      "integrity": "sha512-hLyMfZOdVSTlVrnIT6PvaSkIHZMTsHrLXMXuAcpGWWQvFGXidqb4WzkZ3+DlI+4XBL9Tvw/45X7uMu2QIEFJVg=="
                    }
                  }
                }
              }
            }
          }
        }
      }
    },
    "node-fetch": {
      "version": "2.7.0",
      "resolved": "https://registry.npmjs.org/node-fetch/-/node-fetch-2.7.0.tgz",
      "integrity": "sha512-c4FRfUm/dbcWZ7U+1Wq0AwCyFL+3nt2bEw05wfxSz+DWpWsitgmSgYmy2dQdWyKC1694ELPqMs/YzUSNozLt8A==",
      "requires": {
        "whatwg-url": "^5.0.0"
      }
    },
    "tr46": {
      "version": "0.0.3",
      "resolved": "https://registry.npmjs.org/tr46/-/tr46-0.0.3.tgz",
      "integrity": "sha512-N3WMsuqV66lT30CrXNbEjx4GEwlow3v6rr4mCcv6prnfwhS01rkgyFdjPNBYd9br7LpXV1+Emh01fHnq2Gdgrw=="
    },
    "webidl-conversions": {
      "version": "3.0.1",
      "resolved": "https://registry.npmjs.org/webidl-conversions/-/webidl-conversions-3.0.1.tgz",
      "integrity": "sha512-2JAn3z8AR6rjK8Sm8orRC0h/bcl/DqL7tRPdGZ4I1CjdF+EaMLmYxBHyXuKL849eucPFhvBoxMsflfOb8kxaeQ=="
    },
    "whatwg-url": {
      "version": "5.0.0",
      "resolved": "https://registry.npmjs.org/whatwg-url/-/whatwg-url-5.0.0.tgz",
      "integrity": "sha512-saE57nupxk6v3HY35+jzBwYa0rKSy0XR8JSxZPwgLr7ys0IBzhGviA1/TUGJLmSVqs8pb9AnvICXEuOHLprYTw==",
      "requires": {
        "tr46": "~0.0.3",
        "webidl-conversions": "^3.0.0"
      }
    }
  }
}
